// !$*UTF8*$!
{
	archiveVersion = 1;
	classes = {
	};
	objectVersion = 48;
	objects = {

/* Begin PBXBuildFile section */
		420120EB207623EC00632FD9 /* VirgilSDK.framework in Frameworks */ = {isa = PBXBuildFile; fileRef = 42DD29F52075214000C9C014 /* VirgilSDK.framework */; };
		420120F6207625F500632FD9 /* PythiaClientProtocol.swift in Sources */ = {isa = PBXBuildFile; fileRef = 420120F0207625F400632FD9 /* PythiaClientProtocol.swift */; };
		420120F7207625F500632FD9 /* PythiaClient.swift in Sources */ = {isa = PBXBuildFile; fileRef = 420120F1207625F400632FD9 /* PythiaClient.swift */; };
		420120FA207625F500632FD9 /* PythiaClient+Queries.swift in Sources */ = {isa = PBXBuildFile; fileRef = 420120F5207625F400632FD9 /* PythiaClient+Queries.swift */; };
		4201210B2077C1E800632FD9 /* PythiaCryptoProtocol.swift in Sources */ = {isa = PBXBuildFile; fileRef = 4201210A2077C1E800632FD9 /* PythiaCryptoProtocol.swift */; };
		420121152077C2BB00632FD9 /* VirgilCrypto.framework in Frameworks */ = {isa = PBXBuildFile; fileRef = 42DD29C02075213900C9C014 /* VirgilCrypto.framework */; };
		420121162077C2BB00632FD9 /* VirgilCryptoApiImpl.framework in Frameworks */ = {isa = PBXBuildFile; fileRef = 42DD29CE2075213900C9C014 /* VirgilCryptoApiImpl.framework */; };
		420121172077C2BB00632FD9 /* VSCCrypto.framework in Frameworks */ = {isa = PBXBuildFile; fileRef = 42DD29DC2075213900C9C014 /* VSCCrypto.framework */; };
		42792EB820A9A4B400C95A29 /* BrainKey.swift in Sources */ = {isa = PBXBuildFile; fileRef = 42792EB720A9A4B400C95A29 /* BrainKey.swift */; };
		42792EBA20A9A52C00C95A29 /* BrainKey+Obj-C.swift in Sources */ = {isa = PBXBuildFile; fileRef = 42792EB920A9A52C00C95A29 /* BrainKey+Obj-C.swift */; };
		42792EBC20A9AAE200C95A29 /* BrainKeyContext.swift in Sources */ = {isa = PBXBuildFile; fileRef = 42792EBB20A9AAE200C95A29 /* BrainKeyContext.swift */; };
		42792EBE20A9AC4900C95A29 /* BlindResult.swift in Sources */ = {isa = PBXBuildFile; fileRef = 42792EBD20A9AC4900C95A29 /* BlindResult.swift */; };
		42792EC020A9AD3500C95A29 /* PythiaCrypto.swift in Sources */ = {isa = PBXBuildFile; fileRef = 42792EBF20A9AD3500C95A29 /* PythiaCrypto.swift */; };
		42792EC220A9AE1D00C95A29 /* BrainKey+Operations.swift in Sources */ = {isa = PBXBuildFile; fileRef = 42792EC120A9AE1D00C95A29 /* BrainKey+Operations.swift */; };
		42792F8320AC6C4400C95A29 /* VSY001_BrainKeyTests.swift in Sources */ = {isa = PBXBuildFile; fileRef = 42792F8220AC6C4400C95A29 /* VSY001_BrainKeyTests.swift */; };
		42DD29A220751EAC00C9C014 /* VirgilSDKPythia.h in Headers */ = {isa = PBXBuildFile; fileRef = 42DD29A120751EAC00C9C014 /* VirgilSDKPythia.h */; settings = {ATTRIBUTES = (Public, ); }; };
		42DD2A3C207522DA00C9C014 /* VirgilSDKPythia.framework in Frameworks */ = {isa = PBXBuildFile; fileRef = 42DD298F20751B1A00C9C014 /* VirgilSDKPythia.framework */; };
		42DD2A732075294900C9C014 /* VirgilSDK.framework in Frameworks */ = {isa = PBXBuildFile; fileRef = 42DD29F52075214000C9C014 /* VirgilSDK.framework */; };
/* End PBXBuildFile section */

/* Begin PBXContainerItemProxy section */
		4201210F2077C2AC00632FD9 /* PBXContainerItemProxy */ = {
			isa = PBXContainerItemProxy;
			containerPortal = 42DD29A62075213900C9C014 /* VirgilCrypto.xcodeproj */;
			proxyType = 1;
			remoteGlobalIDString = 42F85ECC1DC7469D00C3184C;
			remoteInfo = "VirgilCrypto iOS";
		};
		420121112077C2AC00632FD9 /* PBXContainerItemProxy */ = {
			isa = PBXContainerItemProxy;
			containerPortal = 42DD29A62075213900C9C014 /* VirgilCrypto.xcodeproj */;
			proxyType = 1;
			remoteGlobalIDString = 42B129EA201FD2790082F9BC;
			remoteInfo = "VirgilCryptoApiImpl iOS";
		};
		420121132077C2AC00632FD9 /* PBXContainerItemProxy */ = {
			isa = PBXContainerItemProxy;
			containerPortal = 42DD29A62075213900C9C014 /* VirgilCrypto.xcodeproj */;
			proxyType = 1;
			remoteGlobalIDString = 42D61B62202A5843007E0758;
			remoteInfo = "VSCCrypto iOS";
		};
		42DD29BF2075213900C9C014 /* PBXContainerItemProxy */ = {
			isa = PBXContainerItemProxy;
			containerPortal = 42DD29A62075213900C9C014 /* VirgilCrypto.xcodeproj */;
			proxyType = 2;
			remoteGlobalIDString = 42F85ECD1DC7469D00C3184C;
			remoteInfo = "VirgilCrypto iOS";
		};
		42DD29C12075213900C9C014 /* PBXContainerItemProxy */ = {
			isa = PBXContainerItemProxy;
			containerPortal = 42DD29A62075213900C9C014 /* VirgilCrypto.xcodeproj */;
			proxyType = 2;
			remoteGlobalIDString = 42F85F2D1DC765AC00C3184C;
			remoteInfo = "VirgilCrypto iOS Tests";
		};
		42DD29C32075213900C9C014 /* PBXContainerItemProxy */ = {
			isa = PBXContainerItemProxy;
			containerPortal = 42DD29A62075213900C9C014 /* VirgilCrypto.xcodeproj */;
			proxyType = 2;
			remoteGlobalIDString = 423F00301E719EF200CC98A3;
			remoteInfo = "VirgilCrypto macOS";
		};
		42DD29C52075213900C9C014 /* PBXContainerItemProxy */ = {
			isa = PBXContainerItemProxy;
			containerPortal = 42DD29A62075213900C9C014 /* VirgilCrypto.xcodeproj */;
			proxyType = 2;
			remoteGlobalIDString = 423F00841E71A0FC00CC98A3;
			remoteInfo = "VirgilCrypto macOS Tests";
		};
		42DD29C72075213900C9C014 /* PBXContainerItemProxy */ = {
			isa = PBXContainerItemProxy;
			containerPortal = 42DD29A62075213900C9C014 /* VirgilCrypto.xcodeproj */;
			proxyType = 2;
			remoteGlobalIDString = 42A01F7C1F7D51FE00FF8804;
			remoteInfo = "VirgilCrypto tvOS";
		};
		42DD29C92075213900C9C014 /* PBXContainerItemProxy */ = {
			isa = PBXContainerItemProxy;
			containerPortal = 42DD29A62075213900C9C014 /* VirgilCrypto.xcodeproj */;
			proxyType = 2;
			remoteGlobalIDString = 42CDC30A1F6970C700D69111;
			remoteInfo = "VirgilCrypto tvOS Tests";
		};
		42DD29CB2075213900C9C014 /* PBXContainerItemProxy */ = {
			isa = PBXContainerItemProxy;
			containerPortal = 42DD29A62075213900C9C014 /* VirgilCrypto.xcodeproj */;
			proxyType = 2;
			remoteGlobalIDString = 42CDC2821F696DB900D69111;
			remoteInfo = "VirgilCrypto watchOS";
		};
		42DD29CD2075213900C9C014 /* PBXContainerItemProxy */ = {
			isa = PBXContainerItemProxy;
			containerPortal = 42DD29A62075213900C9C014 /* VirgilCrypto.xcodeproj */;
			proxyType = 2;
			remoteGlobalIDString = 42B129EB201FD2790082F9BC;
			remoteInfo = "VirgilCryptoApiImpl iOS";
		};
		42DD29CF2075213900C9C014 /* PBXContainerItemProxy */ = {
			isa = PBXContainerItemProxy;
			containerPortal = 42DD29A62075213900C9C014 /* VirgilCrypto.xcodeproj */;
			proxyType = 2;
			remoteGlobalIDString = 42B12B1E201FDC2E0082F9BC;
			remoteInfo = "VirgilCryptoApiImpl iOS Tests";
		};
		42DD29D12075213900C9C014 /* PBXContainerItemProxy */ = {
			isa = PBXContainerItemProxy;
			containerPortal = 42DD29A62075213900C9C014 /* VirgilCrypto.xcodeproj */;
			proxyType = 2;
			remoteGlobalIDString = 42B12ABF201FD6F70082F9BC;
			remoteInfo = "VirgilCryptoApiImpl macOS";
		};
		42DD29D32075213900C9C014 /* PBXContainerItemProxy */ = {
			isa = PBXContainerItemProxy;
			containerPortal = 42DD29A62075213900C9C014 /* VirgilCrypto.xcodeproj */;
			proxyType = 2;
			remoteGlobalIDString = 42B12B6A201FDCC60082F9BC;
			remoteInfo = "VirgilCryptoApiImpl macOS Tests";
		};
		42DD29D52075213900C9C014 /* PBXContainerItemProxy */ = {
			isa = PBXContainerItemProxy;
			containerPortal = 42DD29A62075213900C9C014 /* VirgilCrypto.xcodeproj */;
			proxyType = 2;
			remoteGlobalIDString = 42B12ADB201FD74C0082F9BC;
			remoteInfo = "VirgilCryptoApiImpl tvOS";
		};
		42DD29D72075213900C9C014 /* PBXContainerItemProxy */ = {
			isa = PBXContainerItemProxy;
			containerPortal = 42DD29A62075213900C9C014 /* VirgilCrypto.xcodeproj */;
			proxyType = 2;
			remoteGlobalIDString = 42B12B79201FDCE00082F9BC;
			remoteInfo = "VirgilCryptoApiImpl tvOS Tests";
		};
		42DD29D92075213900C9C014 /* PBXContainerItemProxy */ = {
			isa = PBXContainerItemProxy;
			containerPortal = 42DD29A62075213900C9C014 /* VirgilCrypto.xcodeproj */;
			proxyType = 2;
			remoteGlobalIDString = 42B12ACE201FD73F0082F9BC;
			remoteInfo = "VirgilCryptoApiImpl watchOS";
		};
		42DD29DB2075213900C9C014 /* PBXContainerItemProxy */ = {
			isa = PBXContainerItemProxy;
			containerPortal = 42DD29A62075213900C9C014 /* VirgilCrypto.xcodeproj */;
			proxyType = 2;
			remoteGlobalIDString = 42D61B63202A5843007E0758;
			remoteInfo = "VSCCrypto iOS";
		};
		42DD29DD2075213900C9C014 /* PBXContainerItemProxy */ = {
			isa = PBXContainerItemProxy;
			containerPortal = 42DD29A62075213900C9C014 /* VirgilCrypto.xcodeproj */;
			proxyType = 2;
			remoteGlobalIDString = 42D61B7E202A58B8007E0758;
			remoteInfo = "VSCCrypto macOS";
		};
		42DD29DF2075213900C9C014 /* PBXContainerItemProxy */ = {
			isa = PBXContainerItemProxy;
			containerPortal = 42DD29A62075213900C9C014 /* VirgilCrypto.xcodeproj */;
			proxyType = 2;
			remoteGlobalIDString = 42D61B8D202A5963007E0758;
			remoteInfo = "VSCCrypto tvOS";
		};
		42DD29E12075213900C9C014 /* PBXContainerItemProxy */ = {
			isa = PBXContainerItemProxy;
			containerPortal = 42DD29A62075213900C9C014 /* VirgilCrypto.xcodeproj */;
			proxyType = 2;
			remoteGlobalIDString = 42D61B9B202A59C4007E0758;
			remoteInfo = "VSCCrypto watchOS";
		};
		42DD29F42075214000C9C014 /* PBXContainerItemProxy */ = {
			isa = PBXContainerItemProxy;
			containerPortal = 42DD29E32075214000C9C014 /* VirgilSDK.xcodeproj */;
			proxyType = 2;
			remoteGlobalIDString = 42EB30E41DB8EC17001DF4C0;
			remoteInfo = "VirgilSDK iOS";
		};
		42DD29F62075214000C9C014 /* PBXContainerItemProxy */ = {
			isa = PBXContainerItemProxy;
			containerPortal = 42DD29E32075214000C9C014 /* VirgilSDK.xcodeproj */;
			proxyType = 2;
			remoteGlobalIDString = 42B7E35B1DB8F72200D70C12;
			remoteInfo = "VirgilSDK iOS Tests";
		};
		42DD29F82075214000C9C014 /* PBXContainerItemProxy */ = {
			isa = PBXContainerItemProxy;
			containerPortal = 42DD29E32075214000C9C014 /* VirgilSDK.xcodeproj */;
			proxyType = 2;
			remoteGlobalIDString = 422499BA1EB39B380032F556;
			remoteInfo = "VirgilSDK macOS";
		};
		42DD29FA2075214000C9C014 /* PBXContainerItemProxy */ = {
			isa = PBXContainerItemProxy;
			containerPortal = 42DD29E32075214000C9C014 /* VirgilSDK.xcodeproj */;
			proxyType = 2;
			remoteGlobalIDString = 422499C21EB39B380032F556;
			remoteInfo = "VirgilSDK macOS Tests";
		};
		42DD29FC2075214000C9C014 /* PBXContainerItemProxy */ = {
			isa = PBXContainerItemProxy;
			containerPortal = 42DD29E32075214000C9C014 /* VirgilSDK.xcodeproj */;
			proxyType = 2;
			remoteGlobalIDString = 4284C3861F6BE95700B75491;
			remoteInfo = "VirgilSDK tvOS";
		};
		42DD29FE2075214000C9C014 /* PBXContainerItemProxy */ = {
			isa = PBXContainerItemProxy;
			containerPortal = 42DD29E32075214000C9C014 /* VirgilSDK.xcodeproj */;
			proxyType = 2;
			remoteGlobalIDString = 4284C3A31F6BE9A200B75491;
			remoteInfo = "VirgilSDK tvOS Tests";
		};
		42DD2A002075214000C9C014 /* PBXContainerItemProxy */ = {
			isa = PBXContainerItemProxy;
			containerPortal = 42DD29E32075214000C9C014 /* VirgilSDK.xcodeproj */;
			proxyType = 2;
			remoteGlobalIDString = 4284C3951F6BE97C00B75491;
			remoteInfo = "VirgilSDK watchOS";
		};
		42DD2A022075214000C9C014 /* PBXContainerItemProxy */ = {
			isa = PBXContainerItemProxy;
			containerPortal = 42DD29E32075214000C9C014 /* VirgilSDK.xcodeproj */;
			proxyType = 2;
			remoteGlobalIDString = 4244F75D203305080053EE4B;
			remoteInfo = "TestApp iOS";
		};
		42DD2A042075214000C9C014 /* PBXContainerItemProxy */ = {
			isa = PBXContainerItemProxy;
			containerPortal = 42DD29E32075214000C9C014 /* VirgilSDK.xcodeproj */;
			proxyType = 2;
			remoteGlobalIDString = 4244F7752033055C0053EE4B;
			remoteInfo = "VirgilSDK iOS KeyStorage Tests";
		};
		42DD2A062075214000C9C014 /* PBXContainerItemProxy */ = {
			isa = PBXContainerItemProxy;
			containerPortal = 42DD29E32075214000C9C014 /* VirgilSDK.xcodeproj */;
			proxyType = 2;
			remoteGlobalIDString = 4244F7C6203306FA0053EE4B;
			remoteInfo = "TestApp tvOS";
		};
		42DD2A082075214000C9C014 /* PBXContainerItemProxy */ = {
			isa = PBXContainerItemProxy;
			containerPortal = 42DD29E32075214000C9C014 /* VirgilSDK.xcodeproj */;
			proxyType = 2;
			remoteGlobalIDString = 4244F7D92033071D0053EE4B;
			remoteInfo = "VirgilSDK tvOS KeyStorage Tests";
		};
		42DD2A3D207522DA00C9C014 /* PBXContainerItemProxy */ = {
			isa = PBXContainerItemProxy;
			containerPortal = 42DD298620751B1A00C9C014 /* Project object */;
			proxyType = 1;
			remoteGlobalIDString = 42DD298E20751B1A00C9C014;
			remoteInfo = "VirgilSDKPythia iOS";
		};
		42DD2A702075293900C9C014 /* PBXContainerItemProxy */ = {
			isa = PBXContainerItemProxy;
			containerPortal = 42DD29E32075214000C9C014 /* VirgilSDK.xcodeproj */;
			proxyType = 1;
			remoteGlobalIDString = 42EB30E31DB8EC17001DF4C0;
			remoteInfo = "VirgilSDK iOS";
		};
/* End PBXContainerItemProxy section */

/* Begin PBXFileReference section */
		420120C62076239600632FD9 /* Foundation.framework */ = {isa = PBXFileReference; lastKnownFileType = wrapper.framework; name = Foundation.framework; path = System/Library/Frameworks/Foundation.framework; sourceTree = SDKROOT; };
		420120F0207625F400632FD9 /* PythiaClientProtocol.swift */ = {isa = PBXFileReference; fileEncoding = 4; lastKnownFileType = sourcecode.swift; path = PythiaClientProtocol.swift; sourceTree = "<group>"; };
		420120F1207625F400632FD9 /* PythiaClient.swift */ = {isa = PBXFileReference; fileEncoding = 4; lastKnownFileType = sourcecode.swift; path = PythiaClient.swift; sourceTree = "<group>"; };
		420120F5207625F400632FD9 /* PythiaClient+Queries.swift */ = {isa = PBXFileReference; fileEncoding = 4; lastKnownFileType = sourcecode.swift; path = "PythiaClient+Queries.swift"; sourceTree = "<group>"; };
		4201210A2077C1E800632FD9 /* PythiaCryptoProtocol.swift */ = {isa = PBXFileReference; lastKnownFileType = sourcecode.swift; path = PythiaCryptoProtocol.swift; sourceTree = "<group>"; };
		42792EB720A9A4B400C95A29 /* BrainKey.swift */ = {isa = PBXFileReference; lastKnownFileType = sourcecode.swift; path = BrainKey.swift; sourceTree = "<group>"; };
		42792EB920A9A52C00C95A29 /* BrainKey+Obj-C.swift */ = {isa = PBXFileReference; lastKnownFileType = sourcecode.swift; path = "BrainKey+Obj-C.swift"; sourceTree = "<group>"; };
		42792EBB20A9AAE200C95A29 /* BrainKeyContext.swift */ = {isa = PBXFileReference; lastKnownFileType = sourcecode.swift; path = BrainKeyContext.swift; sourceTree = "<group>"; };
		42792EBD20A9AC4900C95A29 /* BlindResult.swift */ = {isa = PBXFileReference; lastKnownFileType = sourcecode.swift; path = BlindResult.swift; sourceTree = "<group>"; };
		42792EBF20A9AD3500C95A29 /* PythiaCrypto.swift */ = {isa = PBXFileReference; lastKnownFileType = sourcecode.swift; path = PythiaCrypto.swift; sourceTree = "<group>"; };
		42792EC120A9AE1D00C95A29 /* BrainKey+Operations.swift */ = {isa = PBXFileReference; lastKnownFileType = sourcecode.swift; path = "BrainKey+Operations.swift"; sourceTree = "<group>"; };
		42792F8220AC6C4400C95A29 /* VSY001_BrainKeyTests.swift */ = {isa = PBXFileReference; lastKnownFileType = sourcecode.swift; path = VSY001_BrainKeyTests.swift; sourceTree = "<group>"; };
		42DD298F20751B1A00C9C014 /* VirgilSDKPythia.framework */ = {isa = PBXFileReference; explicitFileType = wrapper.framework; includeInIndex = 0; path = VirgilSDKPythia.framework; sourceTree = BUILT_PRODUCTS_DIR; };
		42DD299320751B1A00C9C014 /* Info.plist */ = {isa = PBXFileReference; lastKnownFileType = text.plist.xml; path = Info.plist; sourceTree = "<group>"; };
		42DD29A120751EAC00C9C014 /* VirgilSDKPythia.h */ = {isa = PBXFileReference; fileEncoding = 4; lastKnownFileType = sourcecode.c.h; path = VirgilSDKPythia.h; sourceTree = "<group>"; };
		42DD29A62075213900C9C014 /* VirgilCrypto.xcodeproj */ = {isa = PBXFileReference; lastKnownFileType = "wrapper.pb-project"; name = VirgilCrypto.xcodeproj; path = "Carthage/Checkouts/virgil-foundation-x/VirgilCrypto.xcodeproj"; sourceTree = "<group>"; };
		42DD29E32075214000C9C014 /* VirgilSDK.xcodeproj */ = {isa = PBXFileReference; lastKnownFileType = "wrapper.pb-project"; name = VirgilSDK.xcodeproj; path = "Carthage/Checkouts/virgil-sdk-x/VirgilSDK.xcodeproj"; sourceTree = "<group>"; };
		42DD2A37207522D900C9C014 /* VirgilSDKPythia iOS Tests.xctest */ = {isa = PBXFileReference; explicitFileType = wrapper.cfbundle; includeInIndex = 0; path = "VirgilSDKPythia iOS Tests.xctest"; sourceTree = BUILT_PRODUCTS_DIR; };
/* End PBXFileReference section */

/* Begin PBXFrameworksBuildPhase section */
		42DD298B20751B1A00C9C014 /* Frameworks */ = {
			isa = PBXFrameworksBuildPhase;
			buildActionMask = 2147483647;
			files = (
				420121152077C2BB00632FD9 /* VirgilCrypto.framework in Frameworks */,
				420121162077C2BB00632FD9 /* VirgilCryptoApiImpl.framework in Frameworks */,
				420121172077C2BB00632FD9 /* VSCCrypto.framework in Frameworks */,
				42DD2A732075294900C9C014 /* VirgilSDK.framework in Frameworks */,
			);
			runOnlyForDeploymentPostprocessing = 0;
		};
		42DD2A34207522D900C9C014 /* Frameworks */ = {
			isa = PBXFrameworksBuildPhase;
			buildActionMask = 2147483647;
			files = (
				420120EB207623EC00632FD9 /* VirgilSDK.framework in Frameworks */,
				42DD2A3C207522DA00C9C014 /* VirgilSDKPythia.framework in Frameworks */,
			);
			runOnlyForDeploymentPostprocessing = 0;
		};
/* End PBXFrameworksBuildPhase section */

/* Begin PBXGroup section */
		420120EF207625F400632FD9 /* Client */ = {
			isa = PBXGroup;
			children = (
				420120F0207625F400632FD9 /* PythiaClientProtocol.swift */,
				420120F1207625F400632FD9 /* PythiaClient.swift */,
				420120F5207625F400632FD9 /* PythiaClient+Queries.swift */,
			);
			path = Client;
			sourceTree = "<group>";
		};
		420121092077C1DD00632FD9 /* Crypto */ = {
			isa = PBXGroup;
			children = (
				4201210A2077C1E800632FD9 /* PythiaCryptoProtocol.swift */,
				42792EBD20A9AC4900C95A29 /* BlindResult.swift */,
				42792EBF20A9AD3500C95A29 /* PythiaCrypto.swift */,
			);
			path = Crypto;
			sourceTree = "<group>";
		};
		42792EB620A9A4A800C95A29 /* BrainKey */ = {
			isa = PBXGroup;
			children = (
				42792EB720A9A4B400C95A29 /* BrainKey.swift */,
				42792EB920A9A52C00C95A29 /* BrainKey+Obj-C.swift */,
				42792EC120A9AE1D00C95A29 /* BrainKey+Operations.swift */,
				42792EBB20A9AAE200C95A29 /* BrainKeyContext.swift */,
			);
			path = BrainKey;
			sourceTree = "<group>";
		};
		42DD298520751B1A00C9C014 = {
			isa = PBXGroup;
			children = (
				42DD29A62075213900C9C014 /* VirgilCrypto.xcodeproj */,
				42DD29E32075214000C9C014 /* VirgilSDK.xcodeproj */,
				42DD29A020751EAC00C9C014 /* Source */,
				42DD299120751B1A00C9C014 /* VirgilSDKPythia */,
				42DD2A422075234C00C9C014 /* Tests */,
				42DD299020751B1A00C9C014 /* Products */,
				42DD2A722075294900C9C014 /* Frameworks */,
			);
			sourceTree = "<group>";
		};
		42DD299020751B1A00C9C014 /* Products */ = {
			isa = PBXGroup;
			children = (
				42DD298F20751B1A00C9C014 /* VirgilSDKPythia.framework */,
				42DD2A37207522D900C9C014 /* VirgilSDKPythia iOS Tests.xctest */,
			);
			name = Products;
			sourceTree = "<group>";
		};
		42DD299120751B1A00C9C014 /* VirgilSDKPythia */ = {
			isa = PBXGroup;
			children = (
				42DD299320751B1A00C9C014 /* Info.plist */,
			);
			path = VirgilSDKPythia;
			sourceTree = "<group>";
		};
		42DD29A020751EAC00C9C014 /* Source */ = {
			isa = PBXGroup;
			children = (
				42792EB620A9A4A800C95A29 /* BrainKey */,
				420121092077C1DD00632FD9 /* Crypto */,
				420120EF207625F400632FD9 /* Client */,
				42DD29A120751EAC00C9C014 /* VirgilSDKPythia.h */,
			);
			path = Source;
			sourceTree = "<group>";
		};
		42DD29A72075213900C9C014 /* Products */ = {
			isa = PBXGroup;
			children = (
				42DD29C02075213900C9C014 /* VirgilCrypto.framework */,
				42DD29C22075213900C9C014 /* VirgilCrypto iOS Tests.xctest */,
				42DD29C42075213900C9C014 /* VirgilCrypto.framework */,
				42DD29C62075213900C9C014 /* VirgilCrypto macOS Tests.xctest */,
				42DD29C82075213900C9C014 /* VirgilCrypto.framework */,
				42DD29CA2075213900C9C014 /* VirgilCrypto tvOS Tests.xctest */,
				42DD29CC2075213900C9C014 /* VirgilCrypto.framework */,
				42DD29CE2075213900C9C014 /* VirgilCryptoApiImpl.framework */,
				42DD29D02075213900C9C014 /* VirgilCryptoApiImpl iOS Tests.xctest */,
				42DD29D22075213900C9C014 /* VirgilCryptoApiImpl.framework */,
				42DD29D42075213900C9C014 /* VirgilCryptoApiImpl macOS Tests.xctest */,
				42DD29D62075213900C9C014 /* VirgilCryptoApiImpl.framework */,
				42DD29D82075213900C9C014 /* VirgilCryptoApiImpl tvOS Tests.xctest */,
				42DD29DA2075213900C9C014 /* VirgilCryptoApiImpl.framework */,
				42DD29DC2075213900C9C014 /* VSCCrypto.framework */,
				42DD29DE2075213900C9C014 /* VSCCrypto.framework */,
				42DD29E02075213900C9C014 /* VSCCrypto.framework */,
				42DD29E22075213900C9C014 /* VSCCrypto.framework */,
			);
			name = Products;
			sourceTree = "<group>";
		};
		42DD29E42075214000C9C014 /* Products */ = {
			isa = PBXGroup;
			children = (
				42DD29F52075214000C9C014 /* VirgilSDK.framework */,
				42DD29F72075214000C9C014 /* VirgilSDK iOS Tests.xctest */,
				42DD29F92075214000C9C014 /* VirgilSDK.framework */,
				42DD29FB2075214000C9C014 /* VirgilSDK macOS Tests.xctest */,
				42DD29FD2075214000C9C014 /* VirgilSDK.framework */,
				42DD29FF2075214000C9C014 /* VirgilSDK tvOS Tests.xctest */,
				42DD2A012075214000C9C014 /* VirgilSDK.framework */,
				42DD2A032075214000C9C014 /* TestApp iOS.app */,
				42DD2A052075214000C9C014 /* VirgilSDK iOS KeyStorage Tests.xctest */,
				42DD2A072075214000C9C014 /* TestApp tvOS.app */,
				42DD2A092075214000C9C014 /* VirgilSDK tvOS KeyStorage Tests.xctest */,
			);
			name = Products;
			sourceTree = "<group>";
		};
		42DD2A422075234C00C9C014 /* Tests */ = {
			isa = PBXGroup;
			children = (
				42792F8220AC6C4400C95A29 /* VSY001_BrainKeyTests.swift */,
			);
			path = Tests;
			sourceTree = "<group>";
		};
		42DD2A722075294900C9C014 /* Frameworks */ = {
			isa = PBXGroup;
			children = (
				420120C62076239600632FD9 /* Foundation.framework */,
			);
			name = Frameworks;
			sourceTree = "<group>";
		};
/* End PBXGroup section */

/* Begin PBXHeadersBuildPhase section */
		42DD298C20751B1A00C9C014 /* Headers */ = {
			isa = PBXHeadersBuildPhase;
			buildActionMask = 2147483647;
			files = (
				42DD29A220751EAC00C9C014 /* VirgilSDKPythia.h in Headers */,
			);
			runOnlyForDeploymentPostprocessing = 0;
		};
/* End PBXHeadersBuildPhase section */

/* Begin PBXNativeTarget section */
		42DD298E20751B1A00C9C014 /* VirgilSDKPythia iOS */ = {
			isa = PBXNativeTarget;
			buildConfigurationList = 42DD299720751B1A00C9C014 /* Build configuration list for PBXNativeTarget "VirgilSDKPythia iOS" */;
			buildPhases = (
				42DD298A20751B1A00C9C014 /* Sources */,
				42DD298B20751B1A00C9C014 /* Frameworks */,
				42DD298C20751B1A00C9C014 /* Headers */,
				42DD298D20751B1A00C9C014 /* Resources */,
			);
			buildRules = (
			);
			dependencies = (
				420121102077C2AC00632FD9 /* PBXTargetDependency */,
				420121122077C2AC00632FD9 /* PBXTargetDependency */,
				420121142077C2AC00632FD9 /* PBXTargetDependency */,
				42DD2A712075293900C9C014 /* PBXTargetDependency */,
			);
			name = "VirgilSDKPythia iOS";
			productName = VirgilSDKPythia;
			productReference = 42DD298F20751B1A00C9C014 /* VirgilSDKPythia.framework */;
			productType = "com.apple.product-type.framework";
		};
		42DD2A36207522D900C9C014 /* VirgilSDKPythia iOS Tests */ = {
			isa = PBXNativeTarget;
			buildConfigurationList = 42DD2A3F207522DA00C9C014 /* Build configuration list for PBXNativeTarget "VirgilSDKPythia iOS Tests" */;
			buildPhases = (
				42DD2A33207522D900C9C014 /* Sources */,
				42DD2A34207522D900C9C014 /* Frameworks */,
				42DD2A35207522D900C9C014 /* Resources */,
			);
			buildRules = (
			);
			dependencies = (
				42DD2A3E207522DA00C9C014 /* PBXTargetDependency */,
			);
			name = "VirgilSDKPythia iOS Tests";
			productName = "VirgilSDKPythia iOS Tests";
			productReference = 42DD2A37207522D900C9C014 /* VirgilSDKPythia iOS Tests.xctest */;
			productType = "com.apple.product-type.bundle.unit-test";
		};
/* End PBXNativeTarget section */

/* Begin PBXProject section */
		42DD298620751B1A00C9C014 /* Project object */ = {
			isa = PBXProject;
			attributes = {
				CLASSPREFIX = VSY;
				LastUpgradeCheck = 0930;
				ORGANIZATIONNAME = "Virgil Security";
				TargetAttributes = {
					42DD298E20751B1A00C9C014 = {
						CreatedOnToolsVersion = 9.3;
						ProvisioningStyle = Automatic;
					};
					42DD2A36207522D900C9C014 = {
						CreatedOnToolsVersion = 9.3;
						LastSwiftMigration = 0930;
						ProvisioningStyle = Automatic;
					};
				};
			};
			buildConfigurationList = 42DD298920751B1A00C9C014 /* Build configuration list for PBXProject "VirgilSDKPythia" */;
			compatibilityVersion = "Xcode 8.0";
			developmentRegion = en;
			hasScannedForEncodings = 0;
			knownRegions = (
				en,
			);
			mainGroup = 42DD298520751B1A00C9C014;
			productRefGroup = 42DD299020751B1A00C9C014 /* Products */;
			projectDirPath = "";
			projectReferences = (
				{
					ProductGroup = 42DD29A72075213900C9C014 /* Products */;
					ProjectRef = 42DD29A62075213900C9C014 /* VirgilCrypto.xcodeproj */;
				},
				{
					ProductGroup = 42DD29E42075214000C9C014 /* Products */;
					ProjectRef = 42DD29E32075214000C9C014 /* VirgilSDK.xcodeproj */;
				},
			);
			projectRoot = "";
			targets = (
				42DD298E20751B1A00C9C014 /* VirgilSDKPythia iOS */,
				42DD2A36207522D900C9C014 /* VirgilSDKPythia iOS Tests */,
			);
		};
/* End PBXProject section */

/* Begin PBXReferenceProxy section */
		42DD29C02075213900C9C014 /* VirgilCrypto.framework */ = {
			isa = PBXReferenceProxy;
			fileType = wrapper.framework;
			path = VirgilCrypto.framework;
			remoteRef = 42DD29BF2075213900C9C014 /* PBXContainerItemProxy */;
			sourceTree = BUILT_PRODUCTS_DIR;
		};
		42DD29C22075213900C9C014 /* VirgilCrypto iOS Tests.xctest */ = {
			isa = PBXReferenceProxy;
			fileType = wrapper.cfbundle;
			path = "VirgilCrypto iOS Tests.xctest";
			remoteRef = 42DD29C12075213900C9C014 /* PBXContainerItemProxy */;
			sourceTree = BUILT_PRODUCTS_DIR;
		};
		42DD29C42075213900C9C014 /* VirgilCrypto.framework */ = {
			isa = PBXReferenceProxy;
			fileType = wrapper.framework;
			path = VirgilCrypto.framework;
			remoteRef = 42DD29C32075213900C9C014 /* PBXContainerItemProxy */;
			sourceTree = BUILT_PRODUCTS_DIR;
		};
		42DD29C62075213900C9C014 /* VirgilCrypto macOS Tests.xctest */ = {
			isa = PBXReferenceProxy;
			fileType = wrapper.cfbundle;
			path = "VirgilCrypto macOS Tests.xctest";
			remoteRef = 42DD29C52075213900C9C014 /* PBXContainerItemProxy */;
			sourceTree = BUILT_PRODUCTS_DIR;
		};
		42DD29C82075213900C9C014 /* VirgilCrypto.framework */ = {
			isa = PBXReferenceProxy;
			fileType = wrapper.framework;
			path = VirgilCrypto.framework;
			remoteRef = 42DD29C72075213900C9C014 /* PBXContainerItemProxy */;
			sourceTree = BUILT_PRODUCTS_DIR;
		};
		42DD29CA2075213900C9C014 /* VirgilCrypto tvOS Tests.xctest */ = {
			isa = PBXReferenceProxy;
			fileType = wrapper.cfbundle;
			path = "VirgilCrypto tvOS Tests.xctest";
			remoteRef = 42DD29C92075213900C9C014 /* PBXContainerItemProxy */;
			sourceTree = BUILT_PRODUCTS_DIR;
		};
		42DD29CC2075213900C9C014 /* VirgilCrypto.framework */ = {
			isa = PBXReferenceProxy;
			fileType = wrapper.framework;
			path = VirgilCrypto.framework;
			remoteRef = 42DD29CB2075213900C9C014 /* PBXContainerItemProxy */;
			sourceTree = BUILT_PRODUCTS_DIR;
		};
		42DD29CE2075213900C9C014 /* VirgilCryptoApiImpl.framework */ = {
			isa = PBXReferenceProxy;
			fileType = wrapper.framework;
			path = VirgilCryptoApiImpl.framework;
			remoteRef = 42DD29CD2075213900C9C014 /* PBXContainerItemProxy */;
			sourceTree = BUILT_PRODUCTS_DIR;
		};
		42DD29D02075213900C9C014 /* VirgilCryptoApiImpl iOS Tests.xctest */ = {
			isa = PBXReferenceProxy;
			fileType = wrapper.cfbundle;
			path = "VirgilCryptoApiImpl iOS Tests.xctest";
			remoteRef = 42DD29CF2075213900C9C014 /* PBXContainerItemProxy */;
			sourceTree = BUILT_PRODUCTS_DIR;
		};
		42DD29D22075213900C9C014 /* VirgilCryptoApiImpl.framework */ = {
			isa = PBXReferenceProxy;
			fileType = wrapper.framework;
			path = VirgilCryptoApiImpl.framework;
			remoteRef = 42DD29D12075213900C9C014 /* PBXContainerItemProxy */;
			sourceTree = BUILT_PRODUCTS_DIR;
		};
		42DD29D42075213900C9C014 /* VirgilCryptoApiImpl macOS Tests.xctest */ = {
			isa = PBXReferenceProxy;
			fileType = wrapper.cfbundle;
			path = "VirgilCryptoApiImpl macOS Tests.xctest";
			remoteRef = 42DD29D32075213900C9C014 /* PBXContainerItemProxy */;
			sourceTree = BUILT_PRODUCTS_DIR;
		};
		42DD29D62075213900C9C014 /* VirgilCryptoApiImpl.framework */ = {
			isa = PBXReferenceProxy;
			fileType = wrapper.framework;
			path = VirgilCryptoApiImpl.framework;
			remoteRef = 42DD29D52075213900C9C014 /* PBXContainerItemProxy */;
			sourceTree = BUILT_PRODUCTS_DIR;
		};
		42DD29D82075213900C9C014 /* VirgilCryptoApiImpl tvOS Tests.xctest */ = {
			isa = PBXReferenceProxy;
			fileType = wrapper.cfbundle;
			path = "VirgilCryptoApiImpl tvOS Tests.xctest";
			remoteRef = 42DD29D72075213900C9C014 /* PBXContainerItemProxy */;
			sourceTree = BUILT_PRODUCTS_DIR;
		};
		42DD29DA2075213900C9C014 /* VirgilCryptoApiImpl.framework */ = {
			isa = PBXReferenceProxy;
			fileType = wrapper.framework;
			path = VirgilCryptoApiImpl.framework;
			remoteRef = 42DD29D92075213900C9C014 /* PBXContainerItemProxy */;
			sourceTree = BUILT_PRODUCTS_DIR;
		};
		42DD29DC2075213900C9C014 /* VSCCrypto.framework */ = {
			isa = PBXReferenceProxy;
			fileType = wrapper.framework;
			path = VSCCrypto.framework;
			remoteRef = 42DD29DB2075213900C9C014 /* PBXContainerItemProxy */;
			sourceTree = BUILT_PRODUCTS_DIR;
		};
		42DD29DE2075213900C9C014 /* VSCCrypto.framework */ = {
			isa = PBXReferenceProxy;
			fileType = wrapper.framework;
			path = VSCCrypto.framework;
			remoteRef = 42DD29DD2075213900C9C014 /* PBXContainerItemProxy */;
			sourceTree = BUILT_PRODUCTS_DIR;
		};
		42DD29E02075213900C9C014 /* VSCCrypto.framework */ = {
			isa = PBXReferenceProxy;
			fileType = wrapper.framework;
			path = VSCCrypto.framework;
			remoteRef = 42DD29DF2075213900C9C014 /* PBXContainerItemProxy */;
			sourceTree = BUILT_PRODUCTS_DIR;
		};
		42DD29E22075213900C9C014 /* VSCCrypto.framework */ = {
			isa = PBXReferenceProxy;
			fileType = wrapper.framework;
			path = VSCCrypto.framework;
			remoteRef = 42DD29E12075213900C9C014 /* PBXContainerItemProxy */;
			sourceTree = BUILT_PRODUCTS_DIR;
		};
		42DD29F52075214000C9C014 /* VirgilSDK.framework */ = {
			isa = PBXReferenceProxy;
			fileType = wrapper.framework;
			path = VirgilSDK.framework;
			remoteRef = 42DD29F42075214000C9C014 /* PBXContainerItemProxy */;
			sourceTree = BUILT_PRODUCTS_DIR;
		};
		42DD29F72075214000C9C014 /* VirgilSDK iOS Tests.xctest */ = {
			isa = PBXReferenceProxy;
			fileType = wrapper.cfbundle;
			path = "VirgilSDK iOS Tests.xctest";
			remoteRef = 42DD29F62075214000C9C014 /* PBXContainerItemProxy */;
			sourceTree = BUILT_PRODUCTS_DIR;
		};
		42DD29F92075214000C9C014 /* VirgilSDK.framework */ = {
			isa = PBXReferenceProxy;
			fileType = wrapper.framework;
			path = VirgilSDK.framework;
			remoteRef = 42DD29F82075214000C9C014 /* PBXContainerItemProxy */;
			sourceTree = BUILT_PRODUCTS_DIR;
		};
		42DD29FB2075214000C9C014 /* VirgilSDK macOS Tests.xctest */ = {
			isa = PBXReferenceProxy;
			fileType = wrapper.cfbundle;
			path = "VirgilSDK macOS Tests.xctest";
			remoteRef = 42DD29FA2075214000C9C014 /* PBXContainerItemProxy */;
			sourceTree = BUILT_PRODUCTS_DIR;
		};
		42DD29FD2075214000C9C014 /* VirgilSDK.framework */ = {
			isa = PBXReferenceProxy;
			fileType = wrapper.framework;
			path = VirgilSDK.framework;
			remoteRef = 42DD29FC2075214000C9C014 /* PBXContainerItemProxy */;
			sourceTree = BUILT_PRODUCTS_DIR;
		};
		42DD29FF2075214000C9C014 /* VirgilSDK tvOS Tests.xctest */ = {
			isa = PBXReferenceProxy;
			fileType = wrapper.cfbundle;
			path = "VirgilSDK tvOS Tests.xctest";
			remoteRef = 42DD29FE2075214000C9C014 /* PBXContainerItemProxy */;
			sourceTree = BUILT_PRODUCTS_DIR;
		};
		42DD2A012075214000C9C014 /* VirgilSDK.framework */ = {
			isa = PBXReferenceProxy;
			fileType = wrapper.framework;
			path = VirgilSDK.framework;
			remoteRef = 42DD2A002075214000C9C014 /* PBXContainerItemProxy */;
			sourceTree = BUILT_PRODUCTS_DIR;
		};
		42DD2A032075214000C9C014 /* TestApp iOS.app */ = {
			isa = PBXReferenceProxy;
			fileType = wrapper.application;
			path = "TestApp iOS.app";
			remoteRef = 42DD2A022075214000C9C014 /* PBXContainerItemProxy */;
			sourceTree = BUILT_PRODUCTS_DIR;
		};
		42DD2A052075214000C9C014 /* VirgilSDK iOS KeyStorage Tests.xctest */ = {
			isa = PBXReferenceProxy;
			fileType = wrapper.cfbundle;
			path = "VirgilSDK iOS KeyStorage Tests.xctest";
			remoteRef = 42DD2A042075214000C9C014 /* PBXContainerItemProxy */;
			sourceTree = BUILT_PRODUCTS_DIR;
		};
		42DD2A072075214000C9C014 /* TestApp tvOS.app */ = {
			isa = PBXReferenceProxy;
			fileType = wrapper.application;
			path = "TestApp tvOS.app";
			remoteRef = 42DD2A062075214000C9C014 /* PBXContainerItemProxy */;
			sourceTree = BUILT_PRODUCTS_DIR;
		};
		42DD2A092075214000C9C014 /* VirgilSDK tvOS KeyStorage Tests.xctest */ = {
			isa = PBXReferenceProxy;
			fileType = wrapper.cfbundle;
			path = "VirgilSDK tvOS KeyStorage Tests.xctest";
			remoteRef = 42DD2A082075214000C9C014 /* PBXContainerItemProxy */;
			sourceTree = BUILT_PRODUCTS_DIR;
		};
/* End PBXReferenceProxy section */

/* Begin PBXResourcesBuildPhase section */
		42DD298D20751B1A00C9C014 /* Resources */ = {
			isa = PBXResourcesBuildPhase;
			buildActionMask = 2147483647;
			files = (
			);
			runOnlyForDeploymentPostprocessing = 0;
		};
		42DD2A35207522D900C9C014 /* Resources */ = {
			isa = PBXResourcesBuildPhase;
			buildActionMask = 2147483647;
			files = (
			);
			runOnlyForDeploymentPostprocessing = 0;
		};
/* End PBXResourcesBuildPhase section */

/* Begin PBXSourcesBuildPhase section */
		42DD298A20751B1A00C9C014 /* Sources */ = {
			isa = PBXSourcesBuildPhase;
			buildActionMask = 2147483647;
			files = (
				42792EBA20A9A52C00C95A29 /* BrainKey+Obj-C.swift in Sources */,
				420120FA207625F500632FD9 /* PythiaClient+Queries.swift in Sources */,
				42792EB820A9A4B400C95A29 /* BrainKey.swift in Sources */,
				42792EBC20A9AAE200C95A29 /* BrainKeyContext.swift in Sources */,
				42792EC020A9AD3500C95A29 /* PythiaCrypto.swift in Sources */,
				42792EBE20A9AC4900C95A29 /* BlindResult.swift in Sources */,
				420120F6207625F500632FD9 /* PythiaClientProtocol.swift in Sources */,
				420120F7207625F500632FD9 /* PythiaClient.swift in Sources */,
				42792EC220A9AE1D00C95A29 /* BrainKey+Operations.swift in Sources */,
				4201210B2077C1E800632FD9 /* PythiaCryptoProtocol.swift in Sources */,
			);
			runOnlyForDeploymentPostprocessing = 0;
		};
		42DD2A33207522D900C9C014 /* Sources */ = {
			isa = PBXSourcesBuildPhase;
			buildActionMask = 2147483647;
			files = (
				42792F8320AC6C4400C95A29 /* VSY001_BrainKeyTests.swift in Sources */,
			);
			runOnlyForDeploymentPostprocessing = 0;
		};
/* End PBXSourcesBuildPhase section */

/* Begin PBXTargetDependency section */
		420121102077C2AC00632FD9 /* PBXTargetDependency */ = {
			isa = PBXTargetDependency;
			name = "VirgilCrypto iOS";
			targetProxy = 4201210F2077C2AC00632FD9 /* PBXContainerItemProxy */;
		};
		420121122077C2AC00632FD9 /* PBXTargetDependency */ = {
			isa = PBXTargetDependency;
			name = "VirgilCryptoApiImpl iOS";
			targetProxy = 420121112077C2AC00632FD9 /* PBXContainerItemProxy */;
		};
		420121142077C2AC00632FD9 /* PBXTargetDependency */ = {
			isa = PBXTargetDependency;
			name = "VSCCrypto iOS";
			targetProxy = 420121132077C2AC00632FD9 /* PBXContainerItemProxy */;
		};
		42DD2A3E207522DA00C9C014 /* PBXTargetDependency */ = {
			isa = PBXTargetDependency;
			target = 42DD298E20751B1A00C9C014 /* VirgilSDKPythia iOS */;
			targetProxy = 42DD2A3D207522DA00C9C014 /* PBXContainerItemProxy */;
		};
		42DD2A712075293900C9C014 /* PBXTargetDependency */ = {
			isa = PBXTargetDependency;
			name = "VirgilSDK iOS";
			targetProxy = 42DD2A702075293900C9C014 /* PBXContainerItemProxy */;
		};
/* End PBXTargetDependency section */

/* Begin XCBuildConfiguration section */
		42DD299520751B1A00C9C014 /* Debug */ = {
			isa = XCBuildConfiguration;
			buildSettings = {
				ALWAYS_SEARCH_USER_PATHS = NO;
				CLANG_ANALYZER_NONNULL = YES;
				CLANG_ANALYZER_NUMBER_OBJECT_CONVERSION = YES_AGGRESSIVE;
				CLANG_CXX_LANGUAGE_STANDARD = "gnu++14";
				CLANG_CXX_LIBRARY = "libc++";
				CLANG_ENABLE_MODULES = YES;
				CLANG_ENABLE_OBJC_ARC = YES;
				CLANG_ENABLE_OBJC_WEAK = YES;
				CLANG_WARN_BLOCK_CAPTURE_AUTORELEASING = YES;
				CLANG_WARN_BOOL_CONVERSION = YES;
				CLANG_WARN_COMMA = YES;
				CLANG_WARN_CONSTANT_CONVERSION = YES;
				CLANG_WARN_DEPRECATED_OBJC_IMPLEMENTATIONS = YES;
				CLANG_WARN_DIRECT_OBJC_ISA_USAGE = YES_ERROR;
				CLANG_WARN_DOCUMENTATION_COMMENTS = YES;
				CLANG_WARN_EMPTY_BODY = YES;
				CLANG_WARN_ENUM_CONVERSION = YES;
				CLANG_WARN_INFINITE_RECURSION = YES;
				CLANG_WARN_INT_CONVERSION = YES;
				CLANG_WARN_NON_LITERAL_NULL_CONVERSION = YES;
				CLANG_WARN_OBJC_IMPLICIT_RETAIN_SELF = YES;
				CLANG_WARN_OBJC_LITERAL_CONVERSION = YES;
				CLANG_WARN_OBJC_ROOT_CLASS = YES_ERROR;
				CLANG_WARN_RANGE_LOOP_ANALYSIS = YES;
				CLANG_WARN_STRICT_PROTOTYPES = YES;
				CLANG_WARN_SUSPICIOUS_MOVE = YES;
				CLANG_WARN_UNGUARDED_AVAILABILITY = YES_AGGRESSIVE;
				CLANG_WARN_UNREACHABLE_CODE = YES;
				CLANG_WARN__DUPLICATE_METHOD_MATCH = YES;
				CODE_SIGN_IDENTITY = "iPhone Developer";
				COPY_PHASE_STRIP = NO;
				CURRENT_PROJECT_VERSION = 1;
				DEBUG_INFORMATION_FORMAT = dwarf;
				ENABLE_STRICT_OBJC_MSGSEND = YES;
				ENABLE_TESTABILITY = YES;
				GCC_C_LANGUAGE_STANDARD = gnu11;
				GCC_DYNAMIC_NO_PIC = NO;
				GCC_NO_COMMON_BLOCKS = YES;
				GCC_OPTIMIZATION_LEVEL = 0;
				GCC_PREPROCESSOR_DEFINITIONS = (
					"DEBUG=1",
					"$(inherited)",
				);
				GCC_WARN_64_TO_32_BIT_CONVERSION = YES;
				GCC_WARN_ABOUT_RETURN_TYPE = YES_ERROR;
				GCC_WARN_UNDECLARED_SELECTOR = YES;
				GCC_WARN_UNINITIALIZED_AUTOS = YES_AGGRESSIVE;
				GCC_WARN_UNUSED_FUNCTION = YES;
				GCC_WARN_UNUSED_VARIABLE = YES;
				IPHONEOS_DEPLOYMENT_TARGET = 11.3;
				MTL_ENABLE_DEBUG_INFO = YES;
				ONLY_ACTIVE_ARCH = YES;
				SDKROOT = iphoneos;
				VERSIONING_SYSTEM = "apple-generic";
				VERSION_INFO_PREFIX = "";
			};
			name = Debug;
		};
		42DD299620751B1A00C9C014 /* Release */ = {
			isa = XCBuildConfiguration;
			buildSettings = {
				ALWAYS_SEARCH_USER_PATHS = NO;
				CLANG_ANALYZER_NONNULL = YES;
				CLANG_ANALYZER_NUMBER_OBJECT_CONVERSION = YES_AGGRESSIVE;
				CLANG_CXX_LANGUAGE_STANDARD = "gnu++14";
				CLANG_CXX_LIBRARY = "libc++";
				CLANG_ENABLE_MODULES = YES;
				CLANG_ENABLE_OBJC_ARC = YES;
				CLANG_ENABLE_OBJC_WEAK = YES;
				CLANG_WARN_BLOCK_CAPTURE_AUTORELEASING = YES;
				CLANG_WARN_BOOL_CONVERSION = YES;
				CLANG_WARN_COMMA = YES;
				CLANG_WARN_CONSTANT_CONVERSION = YES;
				CLANG_WARN_DEPRECATED_OBJC_IMPLEMENTATIONS = YES;
				CLANG_WARN_DIRECT_OBJC_ISA_USAGE = YES_ERROR;
				CLANG_WARN_DOCUMENTATION_COMMENTS = YES;
				CLANG_WARN_EMPTY_BODY = YES;
				CLANG_WARN_ENUM_CONVERSION = YES;
				CLANG_WARN_INFINITE_RECURSION = YES;
				CLANG_WARN_INT_CONVERSION = YES;
				CLANG_WARN_NON_LITERAL_NULL_CONVERSION = YES;
				CLANG_WARN_OBJC_IMPLICIT_RETAIN_SELF = YES;
				CLANG_WARN_OBJC_LITERAL_CONVERSION = YES;
				CLANG_WARN_OBJC_ROOT_CLASS = YES_ERROR;
				CLANG_WARN_RANGE_LOOP_ANALYSIS = YES;
				CLANG_WARN_STRICT_PROTOTYPES = YES;
				CLANG_WARN_SUSPICIOUS_MOVE = YES;
				CLANG_WARN_UNGUARDED_AVAILABILITY = YES_AGGRESSIVE;
				CLANG_WARN_UNREACHABLE_CODE = YES;
				CLANG_WARN__DUPLICATE_METHOD_MATCH = YES;
				CODE_SIGN_IDENTITY = "iPhone Developer";
				COPY_PHASE_STRIP = NO;
				CURRENT_PROJECT_VERSION = 1;
				DEBUG_INFORMATION_FORMAT = "dwarf-with-dsym";
				ENABLE_NS_ASSERTIONS = NO;
				ENABLE_STRICT_OBJC_MSGSEND = YES;
				GCC_C_LANGUAGE_STANDARD = gnu11;
				GCC_NO_COMMON_BLOCKS = YES;
				GCC_WARN_64_TO_32_BIT_CONVERSION = YES;
				GCC_WARN_ABOUT_RETURN_TYPE = YES_ERROR;
				GCC_WARN_UNDECLARED_SELECTOR = YES;
				GCC_WARN_UNINITIALIZED_AUTOS = YES_AGGRESSIVE;
				GCC_WARN_UNUSED_FUNCTION = YES;
				GCC_WARN_UNUSED_VARIABLE = YES;
				IPHONEOS_DEPLOYMENT_TARGET = 11.3;
				MTL_ENABLE_DEBUG_INFO = NO;
				SDKROOT = iphoneos;
				SWIFT_COMPILATION_MODE = wholemodule;
				VALIDATE_PRODUCT = YES;
				VERSIONING_SYSTEM = "apple-generic";
				VERSION_INFO_PREFIX = "";
			};
			name = Release;
		};
		42DD299820751B1A00C9C014 /* Debug */ = {
			isa = XCBuildConfiguration;
			buildSettings = {
				APPLICATION_EXTENSION_API_ONLY = YES;
				CODE_SIGN_IDENTITY = "";
				CODE_SIGN_STYLE = Automatic;
				DEFINES_MODULE = YES;
				DEVELOPMENT_TEAM = "";
				DYLIB_COMPATIBILITY_VERSION = 1;
				DYLIB_CURRENT_VERSION = 1;
				DYLIB_INSTALL_NAME_BASE = "@rpath";
				INFOPLIST_FILE = VirgilSDKPythia/Info.plist;
				INSTALL_PATH = "$(LOCAL_LIBRARY_DIR)/Frameworks";
				IPHONEOS_DEPLOYMENT_TARGET = 9.0;
				LD_RUNPATH_SEARCH_PATHS = "$(inherited) @executable_path/Frameworks @loader_path/Frameworks";
				PRODUCT_BUNDLE_IDENTIFIER = com.virgilsecurity.VirgilSDKPythia;
				PRODUCT_NAME = VirgilSDKPythia;
				PROVISIONING_PROFILE_SPECIFIER = "";
				SKIP_INSTALL = YES;
				SWIFT_VERSION = 4.0;
				TARGETED_DEVICE_FAMILY = "1,2";
			};
			name = Debug;
		};
		42DD299920751B1A00C9C014 /* Release */ = {
			isa = XCBuildConfiguration;
			buildSettings = {
				APPLICATION_EXTENSION_API_ONLY = YES;
				CODE_SIGN_IDENTITY = "";
				CODE_SIGN_STYLE = Automatic;
				DEFINES_MODULE = YES;
				DEVELOPMENT_TEAM = "";
				DYLIB_COMPATIBILITY_VERSION = 1;
				DYLIB_CURRENT_VERSION = 1;
				DYLIB_INSTALL_NAME_BASE = "@rpath";
				INFOPLIST_FILE = VirgilSDKPythia/Info.plist;
				INSTALL_PATH = "$(LOCAL_LIBRARY_DIR)/Frameworks";
				IPHONEOS_DEPLOYMENT_TARGET = 9.0;
				LD_RUNPATH_SEARCH_PATHS = "$(inherited) @executable_path/Frameworks @loader_path/Frameworks";
				PRODUCT_BUNDLE_IDENTIFIER = com.virgilsecurity.VirgilSDKPythia;
				PRODUCT_NAME = VirgilSDKPythia;
				PROVISIONING_PROFILE_SPECIFIER = "";
				SKIP_INSTALL = YES;
				SWIFT_VERSION = 4.0;
				TARGETED_DEVICE_FAMILY = "1,2";
			};
			name = Release;
		};
		42DD2A40207522DA00C9C014 /* Debug */ = {
			isa = XCBuildConfiguration;
			buildSettings = {
				ALWAYS_EMBED_SWIFT_STANDARD_LIBRARIES = YES;
				CLANG_ENABLE_MODULES = YES;
				CODE_SIGN_STYLE = Automatic;
				LD_RUNPATH_SEARCH_PATHS = "$(inherited) @executable_path/Frameworks @loader_path/Frameworks";
				PRODUCT_BUNDLE_IDENTIFIER = "com.virgilsecurity.VirgilSDKPythia-iOS-Tests";
				PRODUCT_NAME = "$(TARGET_NAME)";
				SWIFT_OPTIMIZATION_LEVEL = "-Onone";
				SWIFT_VERSION = 3.0;
				TARGETED_DEVICE_FAMILY = "1,2";
			};
			name = Debug;
		};
		42DD2A41207522DA00C9C014 /* Release */ = {
			isa = XCBuildConfiguration;
			buildSettings = {
				ALWAYS_EMBED_SWIFT_STANDARD_LIBRARIES = YES;
				CLANG_ENABLE_MODULES = YES;
				CODE_SIGN_STYLE = Automatic;
				LD_RUNPATH_SEARCH_PATHS = "$(inherited) @executable_path/Frameworks @loader_path/Frameworks";
				PRODUCT_BUNDLE_IDENTIFIER = "com.virgilsecurity.VirgilSDKPythia-iOS-Tests";
				PRODUCT_NAME = "$(TARGET_NAME)";
				SWIFT_VERSION = 3.0;
				TARGETED_DEVICE_FAMILY = "1,2";
			};
			name = Release;
		};
/* End XCBuildConfiguration section */

/* Begin XCConfigurationList section */
		42DD298920751B1A00C9C014 /* Build configuration list for PBXProject "VirgilSDKPythia" */ = {
			isa = XCConfigurationList;
			buildConfigurations = (
				42DD299520751B1A00C9C014 /* Debug */,
				42DD299620751B1A00C9C014 /* Release */,
			);
			defaultConfigurationIsVisible = 0;
			defaultConfigurationName = Release;
		};
		42DD299720751B1A00C9C014 /* Build configuration list for PBXNativeTarget "VirgilSDKPythia iOS" */ = {
			isa = XCConfigurationList;
			buildConfigurations = (
				42DD299820751B1A00C9C014 /* Debug */,
				42DD299920751B1A00C9C014 /* Release */,
			);
			defaultConfigurationIsVisible = 0;
			defaultConfigurationName = Release;
		};
		42DD2A3F207522DA00C9C014 /* Build configuration list for PBXNativeTarget "VirgilSDKPythia iOS Tests" */ = {
			isa = XCConfigurationList;
			buildConfigurations = (
				42DD2A40207522DA00C9C014 /* Debug */,
				42DD2A41207522DA00C9C014 /* Release */,
			);
			defaultConfigurationIsVisible = 0;
			defaultConfigurationName = Release;
		};
/* End XCConfigurationList section */
	};
	rootObject = 42DD298620751B1A00C9C014 /* Project object */;
}
